// !$*UTF8*$!
{
	archiveVersion = 1;
	classes = {
	};
	objectVersion = 48;
	objects = {

/* Begin PBXBuildFile section */
		2D88F827202E97DD00142392 /* GithubClient.swift in Sources */ = {isa = PBXBuildFile; fileRef = 2D88F826202E97DD00142392 /* GithubClient.swift */; };
		2D88F82A202EA2B800142392 /* PreferencesWindow.swift in Sources */ = {isa = PBXBuildFile; fileRef = 2D88F828202EA2B800142392 /* PreferencesWindow.swift */; };
		2D88F82B202EA2B800142392 /* PreferencesWindow.xib in Resources */ = {isa = PBXBuildFile; fileRef = 2D88F829202EA2B800142392 /* PreferencesWindow.xib */; };
		2D88F86220302F4C00142392 /* Alamofire.framework in Frameworks */ = {isa = PBXBuildFile; fileRef = 2D88F85B20302DA200142392 /* Alamofire.framework */; };
		2D88F86320302F4C00142392 /* Alamofire.framework in Embed Frameworks */ = {isa = PBXBuildFile; fileRef = 2D88F85B20302DA200142392 /* Alamofire.framework */; settings = {ATTRIBUTES = (CodeSignOnCopy, RemoveHeadersOnCopy, ); }; };
		2D88F86520302F5000142392 /* SwiftyJSON.framework in Frameworks */ = {isa = PBXBuildFile; fileRef = 2D88F85D20302DA700142392 /* SwiftyJSON.framework */; };
		2D88F86620302F5000142392 /* SwiftyJSON.framework in Embed Frameworks */ = {isa = PBXBuildFile; fileRef = 2D88F85D20302DA700142392 /* SwiftyJSON.framework */; settings = {ATTRIBUTES = (CodeSignOnCopy, RemoveHeadersOnCopy, ); }; };
		2D88F8682030763D00142392 /* GoalView.swift in Sources */ = {isa = PBXBuildFile; fileRef = 2D88F8672030763D00142392 /* GoalView.swift */; };
		2D88F888203189AB00142392 /* EventsView.swift in Sources */ = {isa = PBXBuildFile; fileRef = 2D88F887203189AB00142392 /* EventsView.swift */; };
		2DD7576C202DAEEB00C3EDB2 /* AppDelegate.swift in Sources */ = {isa = PBXBuildFile; fileRef = 2DD7576B202DAEEB00C3EDB2 /* AppDelegate.swift */; };
		2DD7576E202DAEEB00C3EDB2 /* Assets.xcassets in Resources */ = {isa = PBXBuildFile; fileRef = 2DD7576D202DAEEB00C3EDB2 /* Assets.xcassets */; };
		2DD75771202DAEEB00C3EDB2 /* MainMenu.xib in Resources */ = {isa = PBXBuildFile; fileRef = 2DD7576F202DAEEB00C3EDB2 /* MainMenu.xib */; };
		2DD75781202DDFFB00C3EDB2 /* StatusMenuController.swift in Sources */ = {isa = PBXBuildFile; fileRef = 2DD75780202DDFFB00C3EDB2 /* StatusMenuController.swift */; };
/* End PBXBuildFile section */

/* Begin PBXCopyFilesBuildPhase section */
		2D88F86420302F4C00142392 /* Embed Frameworks */ = {
			isa = PBXCopyFilesBuildPhase;
			buildActionMask = 2147483647;
			dstPath = "";
			dstSubfolderSpec = 10;
			files = (
				2D88F86620302F5000142392 /* SwiftyJSON.framework in Embed Frameworks */,
				2D88F86320302F4C00142392 /* Alamofire.framework in Embed Frameworks */,
			);
			name = "Embed Frameworks";
			runOnlyForDeploymentPostprocessing = 0;
		};
/* End PBXCopyFilesBuildPhase section */

/* Begin PBXFileReference section */
		2D88F826202E97DD00142392 /* GithubClient.swift */ = {isa = PBXFileReference; lastKnownFileType = sourcecode.swift; path = GithubClient.swift; sourceTree = "<group>"; };
		2D88F828202EA2B800142392 /* PreferencesWindow.swift */ = {isa = PBXFileReference; lastKnownFileType = sourcecode.swift; path = PreferencesWindow.swift; sourceTree = "<group>"; };
		2D88F829202EA2B800142392 /* PreferencesWindow.xib */ = {isa = PBXFileReference; lastKnownFileType = file.xib; path = PreferencesWindow.xib; sourceTree = "<group>"; };
		2D88F85B20302DA200142392 /* Alamofire.framework */ = {isa = PBXFileReference; lastKnownFileType = wrapper.framework; name = Alamofire.framework; path = Carthage/Build/Mac/Alamofire.framework; sourceTree = "<group>"; };
		2D88F85D20302DA700142392 /* SwiftyJSON.framework */ = {isa = PBXFileReference; lastKnownFileType = wrapper.framework; name = SwiftyJSON.framework; path = Carthage/Build/Mac/SwiftyJSON.framework; sourceTree = "<group>"; };
		2D88F8672030763D00142392 /* GoalView.swift */ = {isa = PBXFileReference; lastKnownFileType = sourcecode.swift; path = GoalView.swift; sourceTree = "<group>"; };
		2D88F887203189AB00142392 /* EventsView.swift */ = {isa = PBXFileReference; lastKnownFileType = sourcecode.swift; path = EventsView.swift; sourceTree = "<group>"; };
		2DD75768202DAEEB00C3EDB2 /* GoalHub.app */ = {isa = PBXFileReference; explicitFileType = wrapper.application; includeInIndex = 0; path = GoalHub.app; sourceTree = BUILT_PRODUCTS_DIR; };
		2DD7576B202DAEEB00C3EDB2 /* AppDelegate.swift */ = {isa = PBXFileReference; lastKnownFileType = sourcecode.swift; path = AppDelegate.swift; sourceTree = "<group>"; };
		2DD7576D202DAEEB00C3EDB2 /* Assets.xcassets */ = {isa = PBXFileReference; lastKnownFileType = folder.assetcatalog; path = Assets.xcassets; sourceTree = "<group>"; };
		2DD75770202DAEEB00C3EDB2 /* Base */ = {isa = PBXFileReference; lastKnownFileType = file.xib; name = Base; path = Base.lproj/MainMenu.xib; sourceTree = "<group>"; };
		2DD75772202DAEEB00C3EDB2 /* Info.plist */ = {isa = PBXFileReference; lastKnownFileType = text.plist.xml; path = Info.plist; sourceTree = "<group>"; };
		2DD75773202DAEEB00C3EDB2 /* GoalHub.entitlements */ = {isa = PBXFileReference; lastKnownFileType = text.plist.entitlements; path = GoalHub.entitlements; sourceTree = "<group>"; };
		2DD75780202DDFFB00C3EDB2 /* StatusMenuController.swift */ = {isa = PBXFileReference; lastKnownFileType = sourcecode.swift; path = StatusMenuController.swift; sourceTree = "<group>"; };
/* End PBXFileReference section */

/* Begin PBXFrameworksBuildPhase section */
		2DD75765202DAEEB00C3EDB2 /* Frameworks */ = {
			isa = PBXFrameworksBuildPhase;
			buildActionMask = 2147483647;
			files = (
				2D88F86520302F5000142392 /* SwiftyJSON.framework in Frameworks */,
				2D88F86220302F4C00142392 /* Alamofire.framework in Frameworks */,
			);
			runOnlyForDeploymentPostprocessing = 0;
		};
/* End PBXFrameworksBuildPhase section */

/* Begin PBXGroup section */
		2D88F85A20302DA200142392 /* Frameworks */ = {
			isa = PBXGroup;
			children = (
				2D88F85D20302DA700142392 /* SwiftyJSON.framework */,
				2D88F85B20302DA200142392 /* Alamofire.framework */,
			);
			name = Frameworks;
			sourceTree = "<group>";
		};
		2DD7575F202DAEEB00C3EDB2 = {
			isa = PBXGroup;
			children = (
				2DD7576A202DAEEB00C3EDB2 /* GoalHub */,
				2DD75769202DAEEB00C3EDB2 /* Products */,
				2D88F85A20302DA200142392 /* Frameworks */,
			);
			sourceTree = "<group>";
		};
		2DD75769202DAEEB00C3EDB2 /* Products */ = {
			isa = PBXGroup;
			children = (
				2DD75768202DAEEB00C3EDB2 /* GoalHub.app */,
			);
			name = Products;
			sourceTree = "<group>";
		};
		2DD7576A202DAEEB00C3EDB2 /* GoalHub */ = {
			isa = PBXGroup;
			children = (
				2DD7576B202DAEEB00C3EDB2 /* AppDelegate.swift */,
				2DD7576D202DAEEB00C3EDB2 /* Assets.xcassets */,
				2DD75772202DAEEB00C3EDB2 /* Info.plist */,
				2DD75773202DAEEB00C3EDB2 /* GoalHub.entitlements */,
				2DD7576F202DAEEB00C3EDB2 /* MainMenu.xib */,
				2D88F829202EA2B800142392 /* PreferencesWindow.xib */,
				2DD75780202DDFFB00C3EDB2 /* StatusMenuController.swift */,
				2D88F826202E97DD00142392 /* GithubClient.swift */,
				2D88F828202EA2B800142392 /* PreferencesWindow.swift */,
				2D88F8672030763D00142392 /* GoalView.swift */,
				2D88F887203189AB00142392 /* EventsView.swift */,
			);
			path = GoalHub;
			sourceTree = "<group>";
		};
/* End PBXGroup section */

/* Begin PBXNativeTarget section */
		2DD75767202DAEEB00C3EDB2 /* GoalHub */ = {
			isa = PBXNativeTarget;
			buildConfigurationList = 2DD75776202DAEEB00C3EDB2 /* Build configuration list for PBXNativeTarget "GoalHub" */;
			buildPhases = (
				2DD75764202DAEEB00C3EDB2 /* Sources */,
				2DD75765202DAEEB00C3EDB2 /* Frameworks */,
				2DD75766202DAEEB00C3EDB2 /* Resources */,
				2D88F86420302F4C00142392 /* Embed Frameworks */,
			);
			buildRules = (
			);
			dependencies = (
			);
			name = GoalHub;
			productName = GoalHub;
			productReference = 2DD75768202DAEEB00C3EDB2 /* GoalHub.app */;
			productType = "com.apple.product-type.application";
		};
/* End PBXNativeTarget section */

/* Begin PBXProject section */
		2DD75760202DAEEB00C3EDB2 /* Project object */ = {
			isa = PBXProject;
			attributes = {
				LastSwiftUpdateCheck = 0920;
				LastUpgradeCheck = 0930;
				ORGANIZATIONNAME = ilime;
				TargetAttributes = {
					2DD75767202DAEEB00C3EDB2 = {
						CreatedOnToolsVersion = 9.2;
						ProvisioningStyle = Automatic;
					};
				};
			};
			buildConfigurationList = 2DD75763202DAEEB00C3EDB2 /* Build configuration list for PBXProject "GoalHub" */;
			compatibilityVersion = "Xcode 8.0";
			developmentRegion = en;
			hasScannedForEncodings = 0;
			knownRegions = (
				en,
				Base,
			);
			mainGroup = 2DD7575F202DAEEB00C3EDB2;
			productRefGroup = 2DD75769202DAEEB00C3EDB2 /* Products */;
			projectDirPath = "";
			projectRoot = "";
			targets = (
				2DD75767202DAEEB00C3EDB2 /* GoalHub */,
			);
		};
/* End PBXProject section */

/* Begin PBXResourcesBuildPhase section */
		2DD75766202DAEEB00C3EDB2 /* Resources */ = {
			isa = PBXResourcesBuildPhase;
			buildActionMask = 2147483647;
			files = (
				2DD7576E202DAEEB00C3EDB2 /* Assets.xcassets in Resources */,
				2D88F82B202EA2B800142392 /* PreferencesWindow.xib in Resources */,
				2DD75771202DAEEB00C3EDB2 /* MainMenu.xib in Resources */,
			);
			runOnlyForDeploymentPostprocessing = 0;
		};
/* End PBXResourcesBuildPhase section */

/* Begin PBXSourcesBuildPhase section */
		2DD75764202DAEEB00C3EDB2 /* Sources */ = {
			isa = PBXSourcesBuildPhase;
			buildActionMask = 2147483647;
			files = (
				2D88F82A202EA2B800142392 /* PreferencesWindow.swift in Sources */,
				2DD75781202DDFFB00C3EDB2 /* StatusMenuController.swift in Sources */,
				2D88F8682030763D00142392 /* GoalView.swift in Sources */,
				2D88F827202E97DD00142392 /* GithubClient.swift in Sources */,
				2DD7576C202DAEEB00C3EDB2 /* AppDelegate.swift in Sources */,
				2D88F888203189AB00142392 /* EventsView.swift in Sources */,
			);
			runOnlyForDeploymentPostprocessing = 0;
		};
/* End PBXSourcesBuildPhase section */

/* Begin PBXVariantGroup section */
		2DD7576F202DAEEB00C3EDB2 /* MainMenu.xib */ = {
			isa = PBXVariantGroup;
			children = (
				2DD75770202DAEEB00C3EDB2 /* Base */,
			);
			name = MainMenu.xib;
			sourceTree = "<group>";
		};
/* End PBXVariantGroup section */

/* Begin XCBuildConfiguration section */
		2DD75774202DAEEB00C3EDB2 /* Debug */ = {
			isa = XCBuildConfiguration;
			buildSettings = {
				ALWAYS_SEARCH_USER_PATHS = NO;
				CLANG_ANALYZER_NONNULL = YES;
				CLANG_ANALYZER_NUMBER_OBJECT_CONVERSION = YES_AGGRESSIVE;
				CLANG_CXX_LANGUAGE_STANDARD = "gnu++14";
				CLANG_CXX_LIBRARY = "libc++";
				CLANG_ENABLE_MODULES = YES;
				CLANG_ENABLE_OBJC_ARC = YES;
				CLANG_WARN_BLOCK_CAPTURE_AUTORELEASING = YES;
				CLANG_WARN_BOOL_CONVERSION = YES;
				CLANG_WARN_COMMA = YES;
				CLANG_WARN_CONSTANT_CONVERSION = YES;
				CLANG_WARN_DEPRECATED_OBJC_IMPLEMENTATIONS = YES;
				CLANG_WARN_DIRECT_OBJC_ISA_USAGE = YES_ERROR;
				CLANG_WARN_DOCUMENTATION_COMMENTS = YES;
				CLANG_WARN_EMPTY_BODY = YES;
				CLANG_WARN_ENUM_CONVERSION = YES;
				CLANG_WARN_INFINITE_RECURSION = YES;
				CLANG_WARN_INT_CONVERSION = YES;
				CLANG_WARN_NON_LITERAL_NULL_CONVERSION = YES;
				CLANG_WARN_OBJC_IMPLICIT_RETAIN_SELF = YES;
				CLANG_WARN_OBJC_LITERAL_CONVERSION = YES;
				CLANG_WARN_OBJC_ROOT_CLASS = YES_ERROR;
				CLANG_WARN_RANGE_LOOP_ANALYSIS = YES;
				CLANG_WARN_STRICT_PROTOTYPES = YES;
				CLANG_WARN_SUSPICIOUS_MOVE = YES;
				CLANG_WARN_UNGUARDED_AVAILABILITY = YES_AGGRESSIVE;
				CLANG_WARN_UNREACHABLE_CODE = YES;
				CLANG_WARN__DUPLICATE_METHOD_MATCH = YES;
				CODE_SIGN_IDENTITY = "-";
				COPY_PHASE_STRIP = NO;
				DEBUG_INFORMATION_FORMAT = dwarf;
				ENABLE_STRICT_OBJC_MSGSEND = YES;
				ENABLE_TESTABILITY = YES;
				GCC_C_LANGUAGE_STANDARD = gnu11;
				GCC_DYNAMIC_NO_PIC = NO;
				GCC_NO_COMMON_BLOCKS = YES;
				GCC_OPTIMIZATION_LEVEL = 0;
				GCC_PREPROCESSOR_DEFINITIONS = (
					"DEBUG=1",
					"$(inherited)",
				);
				GCC_WARN_64_TO_32_BIT_CONVERSION = YES;
				GCC_WARN_ABOUT_RETURN_TYPE = YES_ERROR;
				GCC_WARN_UNDECLARED_SELECTOR = YES;
				GCC_WARN_UNINITIALIZED_AUTOS = YES_AGGRESSIVE;
				GCC_WARN_UNUSED_FUNCTION = YES;
				GCC_WARN_UNUSED_VARIABLE = YES;
				MACOSX_DEPLOYMENT_TARGET = 10.13;
				MTL_ENABLE_DEBUG_INFO = YES;
				ONLY_ACTIVE_ARCH = YES;
				SDKROOT = macosx;
				SWIFT_ACTIVE_COMPILATION_CONDITIONS = DEBUG;
				SWIFT_OPTIMIZATION_LEVEL = "-Onone";
			};
			name = Debug;
		};
		2DD75775202DAEEB00C3EDB2 /* Release */ = {
			isa = XCBuildConfiguration;
			buildSettings = {
				ALWAYS_SEARCH_USER_PATHS = NO;
				CLANG_ANALYZER_NONNULL = YES;
				CLANG_ANALYZER_NUMBER_OBJECT_CONVERSION = YES_AGGRESSIVE;
				CLANG_CXX_LANGUAGE_STANDARD = "gnu++14";
				CLANG_CXX_LIBRARY = "libc++";
				CLANG_ENABLE_MODULES = YES;
				CLANG_ENABLE_OBJC_ARC = YES;
				CLANG_WARN_BLOCK_CAPTURE_AUTORELEASING = YES;
				CLANG_WARN_BOOL_CONVERSION = YES;
				CLANG_WARN_COMMA = YES;
				CLANG_WARN_CONSTANT_CONVERSION = YES;
				CLANG_WARN_DEPRECATED_OBJC_IMPLEMENTATIONS = YES;
				CLANG_WARN_DIRECT_OBJC_ISA_USAGE = YES_ERROR;
				CLANG_WARN_DOCUMENTATION_COMMENTS = YES;
				CLANG_WARN_EMPTY_BODY = YES;
				CLANG_WARN_ENUM_CONVERSION = YES;
				CLANG_WARN_INFINITE_RECURSION = YES;
				CLANG_WARN_INT_CONVERSION = YES;
				CLANG_WARN_NON_LITERAL_NULL_CONVERSION = YES;
				CLANG_WARN_OBJC_IMPLICIT_RETAIN_SELF = YES;
				CLANG_WARN_OBJC_LITERAL_CONVERSION = YES;
				CLANG_WARN_OBJC_ROOT_CLASS = YES_ERROR;
				CLANG_WARN_RANGE_LOOP_ANALYSIS = YES;
				CLANG_WARN_STRICT_PROTOTYPES = YES;
				CLANG_WARN_SUSPICIOUS_MOVE = YES;
				CLANG_WARN_UNGUARDED_AVAILABILITY = YES_AGGRESSIVE;
				CLANG_WARN_UNREACHABLE_CODE = YES;
				CLANG_WARN__DUPLICATE_METHOD_MATCH = YES;
				CODE_SIGN_IDENTITY = "-";
				COPY_PHASE_STRIP = NO;
				DEBUG_INFORMATION_FORMAT = "dwarf-with-dsym";
				ENABLE_NS_ASSERTIONS = NO;
				ENABLE_STRICT_OBJC_MSGSEND = YES;
				GCC_C_LANGUAGE_STANDARD = gnu11;
				GCC_NO_COMMON_BLOCKS = YES;
				GCC_WARN_64_TO_32_BIT_CONVERSION = YES;
				GCC_WARN_ABOUT_RETURN_TYPE = YES_ERROR;
				GCC_WARN_UNDECLARED_SELECTOR = YES;
				GCC_WARN_UNINITIALIZED_AUTOS = YES_AGGRESSIVE;
				GCC_WARN_UNUSED_FUNCTION = YES;
				GCC_WARN_UNUSED_VARIABLE = YES;
				MACOSX_DEPLOYMENT_TARGET = 10.13;
				MTL_ENABLE_DEBUG_INFO = NO;
				SDKROOT = macosx;
				SWIFT_OPTIMIZATION_LEVEL = "-Owholemodule";
			};
			name = Release;
		};
		2DD75777202DAEEB00C3EDB2 /* Debug */ = {
			isa = XCBuildConfiguration;
			buildSettings = {
				ASSETCATALOG_COMPILER_APPICON_NAME = AppIcon;
				CODE_SIGN_ENTITLEMENTS = GoalHub/GoalHub.entitlements;
				CODE_SIGN_STYLE = Automatic;
				COMBINE_HIDPI_IMAGES = YES;
				FRAMEWORK_SEARCH_PATHS = (
					"$(inherited)",
					"$(PROJECT_DIR)/Carthage/Build/Mac",
				);
				INFOPLIST_FILE = GoalHub/Info.plist;
				LD_RUNPATH_SEARCH_PATHS = "$(inherited) @executable_path/../Frameworks";
				PRODUCT_BUNDLE_IDENTIFIER = org.ilime.GoalHub;
				PRODUCT_NAME = "$(TARGET_NAME)";
				SWIFT_VERSION = 4.0;
			};
			name = Debug;
		};
		2DD75778202DAEEB00C3EDB2 /* Release */ = {
			isa = XCBuildConfiguration;
			buildSettings = {
				ASSETCATALOG_COMPILER_APPICON_NAME = AppIcon;
				CODE_SIGN_ENTITLEMENTS = GoalHub/GoalHub.entitlements;
				CODE_SIGN_STYLE = Automatic;
				COMBINE_HIDPI_IMAGES = YES;
				FRAMEWORK_SEARCH_PATHS = (
					"$(inherited)",
					"$(PROJECT_DIR)/Carthage/Build/Mac",
				);
				INFOPLIST_FILE = GoalHub/Info.plist;
				LD_RUNPATH_SEARCH_PATHS = "$(inherited) @executable_path/../Frameworks";
				PRODUCT_BUNDLE_IDENTIFIER = org.ilime.GoalHub;
				PRODUCT_NAME = "$(TARGET_NAME)";
				SWIFT_VERSION = 4.0;
			};
			name = Release;
		};
/* End XCBuildConfiguration section */

/* Begin XCConfigurationList section */
		2DD75763202DAEEB00C3EDB2 /* Build configuration list for PBXProject "GoalHub" */ = {
			isa = XCConfigurationList;
			buildConfigurations = (
				2DD75774202DAEEB00C3EDB2 /* Debug */,
				2DD75775202DAEEB00C3EDB2 /* Release */,
			);
			defaultConfigurationIsVisible = 0;
			defaultConfigurationName = Release;
		};
		2DD75776202DAEEB00C3EDB2 /* Build configuration list for PBXNativeTarget "GoalHub" */ = {
			isa = XCConfigurationList;
			buildConfigurations = (
				2DD75777202DAEEB00C3EDB2 /* Debug */,
				2DD75778202DAEEB00C3EDB2 /* Release */,
			);
			defaultConfigurationIsVisible = 0;
			defaultConfigurationName = Release;
		};
/* End XCConfigurationList section */
	};
	rootObject = 2DD75760202DAEEB00C3EDB2 /* Project object */;
}
